
Microsoft Visual Studio Solution File, Format Version 12.00
# Visual Studio Version 16
VisualStudioVersion = 16.0.29102.190
MinimumVisualStudioVersion = 10.0.40219.1
Project("{9A19103F-16F7-4668-BE54-9A1E7A4F7556}") = "ConsoleApp1", "ConsoleApp1\ConsoleApp1.csproj", "{7C60BAF3-64FB-463C-95F5-54340E818CF8}"
EndProject
Project("{9A19103F-16F7-4668-BE54-9A1E7A4F7556}") = "DependencyInjection.ServiceModel", "DependencyInjection.ServiceModel\DependencyInjection.ServiceModel.csproj", "{06D0F5D9-7623-404E-86B9-FABA6F036CB8}"
EndProject
Project("{9A19103F-16F7-4668-BE54-9A1E7A4F7556}") = "DependencyInjection.ServiceModel.Tests", "DependencyInjection.ServiceModel.Tests\DependencyInjection.ServiceModel.Tests.csproj", "{64754D82-E5A0-48C5-AA4D-F9E1A047CC95}"
EndProject
Global
	GlobalSection(SolutionConfigurationPlatforms) = preSolution
		Debug|Any CPU = Debug|Any CPU
		Release|Any CPU = Release|Any CPU
	EndGlobalSection
	GlobalSection(ProjectConfigurationPlatforms) = postSolution
		{7C60BAF3-64FB-463C-95F5-54340E818CF8}.Debug|Any CPU.ActiveCfg = Debug|Any CPU
		{7C60BAF3-64FB-463C-95F5-54340E818CF8}.Debug|Any CPU.Build.0 = Debug|Any CPU
		{7C60BAF3-64FB-463C-95F5-54340E818CF8}.Release|Any CPU.ActiveCfg = Release|Any CPU
		{7C60BAF3-64FB-463C-95F5-54340E818CF8}.Release|Any CPU.Build.0 = Release|Any CPU
		{06D0F5D9-7623-404E-86B9-FABA6F036CB8}.Debug|Any CPU.ActiveCfg = Debug|Any CPU
		{06D0F5D9-7623-404E-86B9-FABA6F036CB8}.Debug|Any CPU.Build.0 = Debug|Any CPU
		{06D0F5D9-7623-404E-86B9-FABA6F036CB8}.Release|Any CPU.ActiveCfg = Release|Any CPU
		{06D0F5D9-7623-404E-86B9-FABA6F036CB8}.Release|Any CPU.Build.0 = Release|Any CPU
		{64754D82-E5A0-48C5-AA4D-F9E1A047CC95}.Debug|Any CPU.ActiveCfg = Debug|Any CPU
		{64754D82-E5A0-48C5-AA4D-F9E1A047CC95}.Debug|Any CPU.Build.0 = Debug|Any CPU
		{64754D82-E5A0-48C5-AA4D-F9E1A047CC95}.Release|Any CPU.ActiveCfg = Release|Any CPU
		{64754D82-E5A0-48C5-AA4D-F9E1A047CC95}.Release|Any CPU.Build.0 = Release|Any CPU
	EndGlobalSection
	GlobalSection(SolutionProperties) = preSolution
		HideSolutionNode = FALSE
	EndGlobalSection
	GlobalSection(ExtensibilityGlobals) = postSolution
		SolutionGuid = {9BB7E400-E92D-4424-82B2-05DF16682150}
	EndGlobalSection
EndGlobal
